
Microsoft Visual Studio Solution File, Format Version 12.00
# Visual Studio Version 16
VisualStudioVersion = 16.0.29613.14
MinimumVisualStudioVersion = 10.0.40219.1
Project("{FAE04EC0-301F-11D3-BF4B-00C04F79EFBC}") = "UserSignup", "UserSignup.csproj", "{43610661-8FB0-43EC-8984-25EA9FA357F9}"
EndProject
Global
	GlobalSection(SolutionConfigurationPlatforms) = preSolution
		Debug|Any CPU = Debug|Any CPU
		Release|Any CPU = Release|Any CPU
	EndGlobalSection
	GlobalSection(ProjectConfigurationPlatforms) = postSolution
		{43610661-8FB0-43EC-8984-25EA9FA357F9}.Debug|Any CPU.ActiveCfg = Debug|Any CPU
		{43610661-8FB0-43EC-8984-25EA9FA357F9}.Debug|Any CPU.Build.0 = Debug|Any CPU
		{43610661-8FB0-43EC-8984-25EA9FA357F9}.Release|Any CPU.ActiveCfg = Release|Any CPU
		{43610661-8FB0-43EC-8984-25EA9FA357F9}.Release|Any CPU.Build.0 = Release|Any CPU
	EndGlobalSection
	GlobalSection(SolutionProperties) = preSolution
		HideSolutionNode = FALSE
	EndGlobalSection
	GlobalSection(ExtensibilityGlobals) = postSolution
		SolutionGuid = {B516C1D6-EAE4-41A8-90DE-BD8796B5447A}
	EndGlobalSection
EndGlobal
